
Microsoft Visual Studio Solution File, Format Version 12.00
# Visual Studio 2013
VisualStudioVersion = 12.0.21005.1
MinimumVisualStudioVersion = 10.0.40219.1
Project("{8BC9CEB8-8B4A-11D0-8D11-00A0C91BC942}") = "Test3_20类和对象_下", "Test3_20类和对象_下\Test3_20类和对象_下.vcxproj", "{8C5F96D0-4064-4D7C-950D-D70BFEED88E9}"
EndProject
Global
	GlobalSection(SolutionConfigurationPlatforms) = preSolution
		Debug|Win32 = Debug|Win32
		Release|Win32 = Release|Win32
	EndGlobalSection
	GlobalSection(ProjectConfigurationPlatforms) = postSolution
		{8C5F96D0-4064-4D7C-950D-D70BFEED88E9}.Debug|Win32.ActiveCfg = Debug|Win32
		{8C5F96D0-4064-4D7C-950D-D70BFEED88E9}.Debug|Win32.Build.0 = Debug|Win32
		{8C5F96D0-4064-4D7C-950D-D70BFEED88E9}.Release|Win32.ActiveCfg = Release|Win32
		{8C5F96D0-4064-4D7C-950D-D70BFEED88E9}.Release|Win32.Build.0 = Release|Win32
	EndGlobalSection
	GlobalSection(SolutionProperties) = preSolution
		HideSolutionNode = FALSE
	EndGlobalSection
EndGlobal
