
Microsoft Visual Studio Solution File, Format Version 12.00
# Visual Studio 2013
VisualStudioVersion = 12.0.21005.1
MinimumVisualStudioVersion = 10.0.40219.1
Project("{8BC9CEB8-8B4A-11D0-8D11-00A0C91BC942}") = "Test6_25_特殊类_转换", "Test6_25_特殊类_转换\Test6_25_特殊类_转换.vcxproj", "{229B758E-8961-4D27-A26E-5EBCF1F7A52F}"
EndProject
Global
	GlobalSection(SolutionConfigurationPlatforms) = preSolution
		Debug|Win32 = Debug|Win32
		Release|Win32 = Release|Win32
	EndGlobalSection
	GlobalSection(ProjectConfigurationPlatforms) = postSolution
		{229B758E-8961-4D27-A26E-5EBCF1F7A52F}.Debug|Win32.ActiveCfg = Debug|Win32
		{229B758E-8961-4D27-A26E-5EBCF1F7A52F}.Debug|Win32.Build.0 = Debug|Win32
		{229B758E-8961-4D27-A26E-5EBCF1F7A52F}.Release|Win32.ActiveCfg = Release|Win32
		{229B758E-8961-4D27-A26E-5EBCF1F7A52F}.Release|Win32.Build.0 = Release|Win32
	EndGlobalSection
	GlobalSection(SolutionProperties) = preSolution
		HideSolutionNode = FALSE
	EndGlobalSection
EndGlobal
