
Microsoft Visual Studio Solution File, Format Version 12.00
# Visual Studio 2013
VisualStudioVersion = 12.0.21005.1
MinimumVisualStudioVersion = 10.0.40219.1
Project("{8BC9CEB8-8B4A-11D0-8D11-00A0C91BC942}") = "Test5_16_AVL", "Test5_16_AVL\Test5_16_AVL.vcxproj", "{AC7DA1D7-AF2C-4BCA-8716-8A88C1CD575F}"
EndProject
Global
	GlobalSection(SolutionConfigurationPlatforms) = preSolution
		Debug|Win32 = Debug|Win32
		Release|Win32 = Release|Win32
	EndGlobalSection
	GlobalSection(ProjectConfigurationPlatforms) = postSolution
		{AC7DA1D7-AF2C-4BCA-8716-8A88C1CD575F}.Debug|Win32.ActiveCfg = Debug|Win32
		{AC7DA1D7-AF2C-4BCA-8716-8A88C1CD575F}.Debug|Win32.Build.0 = Debug|Win32
		{AC7DA1D7-AF2C-4BCA-8716-8A88C1CD575F}.Release|Win32.ActiveCfg = Release|Win32
		{AC7DA1D7-AF2C-4BCA-8716-8A88C1CD575F}.Release|Win32.Build.0 = Release|Win32
	EndGlobalSection
	GlobalSection(SolutionProperties) = preSolution
		HideSolutionNode = FALSE
	EndGlobalSection
EndGlobal
